// !$*UTF8*$!
{
	archiveVersion = 1;
	classes = {
	};
	objectVersion = 56;
	objects = {

/* Begin PBXBuildFile section */
		FEB7C46A2C34304E003FD6CB /* AppDelegate.swift in Sources */ = {isa = PBXBuildFile; fileRef = FEB7C4692C34304E003FD6CB /* AppDelegate.swift */; };
		FEB7C46C2C34304E003FD6CB /* SceneDelegate.swift in Sources */ = {isa = PBXBuildFile; fileRef = FEB7C46B2C34304E003FD6CB /* SceneDelegate.swift */; };
		FEB7C4732C343050003FD6CB /* Assets.xcassets in Resources */ = {isa = PBXBuildFile; fileRef = FEB7C4722C343050003FD6CB /* Assets.xcassets */; };
		FEB7C4762C343050003FD6CB /* LaunchScreen.storyboard in Resources */ = {isa = PBXBuildFile; fileRef = FEB7C4742C343050003FD6CB /* LaunchScreen.storyboard */; };
		FEB7C47F2C343219003FD6CB /* BaseCoordinator .swift in Sources */ = {isa = PBXBuildFile; fileRef = FEB7C47E2C343219003FD6CB /* BaseCoordinator .swift */; };
		FEB7C4812C34335E003FD6CB /* AppCoordinator.swift in Sources */ = {isa = PBXBuildFile; fileRef = FEB7C4802C34335E003FD6CB /* AppCoordinator.swift */; };
		FEB7C4832C343378003FD6CB /* MainCoordinator .swift in Sources */ = {isa = PBXBuildFile; fileRef = FEB7C4822C343378003FD6CB /* MainCoordinator .swift */; };
		FEB7C4852C3433A6003FD6CB /* ProfileCoordinator.swift in Sources */ = {isa = PBXBuildFile; fileRef = FEB7C4842C3433A6003FD6CB /* ProfileCoordinator.swift */; };
		FEB7C4882C3433D4003FD6CB /* TabBarController.swift in Sources */ = {isa = PBXBuildFile; fileRef = FEB7C4872C3433D4003FD6CB /* TabBarController.swift */; };
		FEB7C48A2C3433F5003FD6CB /* TabBarPage.swift in Sources */ = {isa = PBXBuildFile; fileRef = FEB7C4892C3433F5003FD6CB /* TabBarPage.swift */; };
		FEB7C48C2C3436D3003FD6CB /* MenuCoordinator.swift in Sources */ = {isa = PBXBuildFile; fileRef = FEB7C48B2C3436D3003FD6CB /* MenuCoordinator.swift */; };
		FEB7C4902C34381F003FD6CB /* ProfileViewController.swift in Sources */ = {isa = PBXBuildFile; fileRef = FEB7C48F2C34381F003FD6CB /* ProfileViewController.swift */; };
		FEB7C4922C343827003FD6CB /* ProfileBuilder.swift in Sources */ = {isa = PBXBuildFile; fileRef = FEB7C4912C343827003FD6CB /* ProfileBuilder.swift */; };
		FEB7C4942C343831003FD6CB /* ProfilePresenter.swift in Sources */ = {isa = PBXBuildFile; fileRef = FEB7C4932C343831003FD6CB /* ProfilePresenter.swift */; };
		FEB7C4962C3438B0003FD6CB /* MenuPresenter.swift in Sources */ = {isa = PBXBuildFile; fileRef = FEB7C4952C3438B0003FD6CB /* MenuPresenter.swift */; };
		FEB7C4982C3438B8003FD6CB /* MenuBuilder.swift in Sources */ = {isa = PBXBuildFile; fileRef = FEB7C4972C3438B8003FD6CB /* MenuBuilder.swift */; };
		FEB7C49A2C3438C2003FD6CB /* MenuViewController.swift in Sources */ = {isa = PBXBuildFile; fileRef = FEB7C4992C3438C2003FD6CB /* MenuViewController.swift */; };
		FEB7C49D2C343CED003FD6CB /* MokData.swift in Sources */ = {isa = PBXBuildFile; fileRef = FEB7C49C2C343CED003FD6CB /* MokData.swift */; };
		FEB7C4A12C343F68003FD6CB /* SnapKit in Frameworks */ = {isa = PBXBuildFile; productRef = FEB7C4A02C343F68003FD6CB /* SnapKit */; };
		FEB7C4A32C343F68003FD6CB /* SnapKit-Dynamic in Frameworks */ = {isa = PBXBuildFile; productRef = FEB7C4A22C343F68003FD6CB /* SnapKit-Dynamic */; };
		FEB7C4A52C344050003FD6CB /* MenuViewCell.swift in Sources */ = {isa = PBXBuildFile; fileRef = FEB7C4A42C344050003FD6CB /* MenuViewCell.swift */; };
		FEB7C4A82C344440003FD6CB /* Model.swift in Sources */ = {isa = PBXBuildFile; fileRef = FEB7C4A72C344440003FD6CB /* Model.swift */; };
		FEB7C4AA2C3447CE003FD6CB /* Typealias.swift in Sources */ = {isa = PBXBuildFile; fileRef = FEB7C4A92C3447CE003FD6CB /* Typealias.swift */; };
		FEB7C4AC2C345007003FD6CB /* TitleSupplementaryView.swift in Sources */ = {isa = PBXBuildFile; fileRef = FEB7C4AB2C345007003FD6CB /* TitleSupplementaryView.swift */; };
		FEB7C4B02C36DFE8003FD6CB /* BannersView.swift in Sources */ = {isa = PBXBuildFile; fileRef = FEB7C4AF2C36DFE8003FD6CB /* BannersView.swift */; };
		FEB7C4B22C3AF3E9003FD6CB /* BannersViewModel.swift in Sources */ = {isa = PBXBuildFile; fileRef = FEB7C4B12C3AF3E9003FD6CB /* BannersViewModel.swift */; };
		FEFB72742C3D8038006552C1 /* ProductService.swift in Sources */ = {isa = PBXBuildFile; fileRef = FEFB72732C3D8038006552C1 /* ProductService.swift */; };
		FEFB72772C3D81B2006552C1 /* RxBlocking in Frameworks */ = {isa = PBXBuildFile; productRef = FEFB72762C3D81B2006552C1 /* RxBlocking */; };
		FEFB72792C3D81B2006552C1 /* RxBlocking-Dynamic in Frameworks */ = {isa = PBXBuildFile; productRef = FEFB72782C3D81B2006552C1 /* RxBlocking-Dynamic */; };
		FEFB727B2C3D81B2006552C1 /* RxCocoa in Frameworks */ = {isa = PBXBuildFile; productRef = FEFB727A2C3D81B2006552C1 /* RxCocoa */; };
		FEFB727D2C3D81B2006552C1 /* RxCocoa-Dynamic in Frameworks */ = {isa = PBXBuildFile; productRef = FEFB727C2C3D81B2006552C1 /* RxCocoa-Dynamic */; };
		FEFB727F2C3D81B2006552C1 /* RxRelay in Frameworks */ = {isa = PBXBuildFile; productRef = FEFB727E2C3D81B2006552C1 /* RxRelay */; };
		FEFB72852C3D9829006552C1 /* ProductCollectionViewCell.swift in Sources */ = {isa = PBXBuildFile; fileRef = FEFB72842C3D9829006552C1 /* ProductCollectionViewCell.swift */; };
		FEFB72882C3D9945006552C1 /* ProductModel.swift in Sources */ = {isa = PBXBuildFile; fileRef = FEFB72872C3D9945006552C1 /* ProductModel.swift */; };
		FEFB728B2C3DA4B2006552C1 /* Kingfisher in Frameworks */ = {isa = PBXBuildFile; productRef = FEFB728A2C3DA4B2006552C1 /* Kingfisher */; };
		FEFB728E2C416F9E006552C1 /* DetailViewController.swift in Sources */ = {isa = PBXBuildFile; fileRef = FEFB728D2C416F9E006552C1 /* DetailViewController.swift */; };
		FEFB72902C418EF1006552C1 /* TESTViewController.swift in Sources */ = {isa = PBXBuildFile; fileRef = FEFB728F2C418EF1006552C1 /* TESTViewController.swift */; };
		FEFB72922C42B8DB006552C1 /* DetailBuilder.swift in Sources */ = {isa = PBXBuildFile; fileRef = FEFB72912C42B8DB006552C1 /* DetailBuilder.swift */; };
		FEFB72942C43FE40006552C1 /* Margins.swift in Sources */ = {isa = PBXBuildFile; fileRef = FEFB72932C43FE40006552C1 /* Margins.swift */; };
		FEFB72962C440568006552C1 /* DetailPresenter.swift in Sources */ = {isa = PBXBuildFile; fileRef = FEFB72952C440568006552C1 /* DetailPresenter.swift */; };
/* End PBXBuildFile section */

/* Begin PBXFileReference section */
		FEB7C4662C34304E003FD6CB /* Exam.app */ = {isa = PBXFileReference; explicitFileType = wrapper.application; includeInIndex = 0; path = Exam.app; sourceTree = BUILT_PRODUCTS_DIR; };
		FEB7C4692C34304E003FD6CB /* AppDelegate.swift */ = {isa = PBXFileReference; lastKnownFileType = sourcecode.swift; path = AppDelegate.swift; sourceTree = "<group>"; };
		FEB7C46B2C34304E003FD6CB /* SceneDelegate.swift */ = {isa = PBXFileReference; lastKnownFileType = sourcecode.swift; path = SceneDelegate.swift; sourceTree = "<group>"; };
		FEB7C4722C343050003FD6CB /* Assets.xcassets */ = {isa = PBXFileReference; lastKnownFileType = folder.assetcatalog; path = Assets.xcassets; sourceTree = "<group>"; };
		FEB7C4752C343050003FD6CB /* Base */ = {isa = PBXFileReference; lastKnownFileType = file.storyboard; name = Base; path = Base.lproj/LaunchScreen.storyboard; sourceTree = "<group>"; };
		FEB7C4772C343050003FD6CB /* Info.plist */ = {isa = PBXFileReference; lastKnownFileType = text.plist.xml; path = Info.plist; sourceTree = "<group>"; };
		FEB7C47E2C343219003FD6CB /* BaseCoordinator .swift */ = {isa = PBXFileReference; lastKnownFileType = sourcecode.swift; path = "BaseCoordinator .swift"; sourceTree = "<group>"; };
		FEB7C4802C34335E003FD6CB /* AppCoordinator.swift */ = {isa = PBXFileReference; lastKnownFileType = sourcecode.swift; path = AppCoordinator.swift; sourceTree = "<group>"; };
		FEB7C4822C343378003FD6CB /* MainCoordinator .swift */ = {isa = PBXFileReference; lastKnownFileType = sourcecode.swift; path = "MainCoordinator .swift"; sourceTree = "<group>"; };
		FEB7C4842C3433A6003FD6CB /* ProfileCoordinator.swift */ = {isa = PBXFileReference; lastKnownFileType = sourcecode.swift; path = ProfileCoordinator.swift; sourceTree = "<group>"; };
		FEB7C4872C3433D4003FD6CB /* TabBarController.swift */ = {isa = PBXFileReference; lastKnownFileType = sourcecode.swift; path = TabBarController.swift; sourceTree = "<group>"; };
		FEB7C4892C3433F5003FD6CB /* TabBarPage.swift */ = {isa = PBXFileReference; lastKnownFileType = sourcecode.swift; path = TabBarPage.swift; sourceTree = "<group>"; };
		FEB7C48B2C3436D3003FD6CB /* MenuCoordinator.swift */ = {isa = PBXFileReference; lastKnownFileType = sourcecode.swift; path = MenuCoordinator.swift; sourceTree = "<group>"; };
		FEB7C48F2C34381F003FD6CB /* ProfileViewController.swift */ = {isa = PBXFileReference; lastKnownFileType = sourcecode.swift; path = ProfileViewController.swift; sourceTree = "<group>"; };
		FEB7C4912C343827003FD6CB /* ProfileBuilder.swift */ = {isa = PBXFileReference; lastKnownFileType = sourcecode.swift; path = ProfileBuilder.swift; sourceTree = "<group>"; };
		FEB7C4932C343831003FD6CB /* ProfilePresenter.swift */ = {isa = PBXFileReference; lastKnownFileType = sourcecode.swift; path = ProfilePresenter.swift; sourceTree = "<group>"; };
		FEB7C4952C3438B0003FD6CB /* MenuPresenter.swift */ = {isa = PBXFileReference; lastKnownFileType = sourcecode.swift; path = MenuPresenter.swift; sourceTree = "<group>"; };
		FEB7C4972C3438B8003FD6CB /* MenuBuilder.swift */ = {isa = PBXFileReference; lastKnownFileType = sourcecode.swift; path = MenuBuilder.swift; sourceTree = "<group>"; };
		FEB7C4992C3438C2003FD6CB /* MenuViewController.swift */ = {isa = PBXFileReference; lastKnownFileType = sourcecode.swift; path = MenuViewController.swift; sourceTree = "<group>"; };
		FEB7C49C2C343CED003FD6CB /* MokData.swift */ = {isa = PBXFileReference; lastKnownFileType = sourcecode.swift; path = MokData.swift; sourceTree = "<group>"; };
		FEB7C4A42C344050003FD6CB /* MenuViewCell.swift */ = {isa = PBXFileReference; lastKnownFileType = sourcecode.swift; path = MenuViewCell.swift; sourceTree = "<group>"; };
		FEB7C4A72C344440003FD6CB /* Model.swift */ = {isa = PBXFileReference; lastKnownFileType = sourcecode.swift; path = Model.swift; sourceTree = "<group>"; };
		FEB7C4A92C3447CE003FD6CB /* Typealias.swift */ = {isa = PBXFileReference; lastKnownFileType = sourcecode.swift; path = Typealias.swift; sourceTree = "<group>"; };
		FEB7C4AB2C345007003FD6CB /* TitleSupplementaryView.swift */ = {isa = PBXFileReference; lastKnownFileType = sourcecode.swift; path = TitleSupplementaryView.swift; sourceTree = "<group>"; };
		FEB7C4AF2C36DFE8003FD6CB /* BannersView.swift */ = {isa = PBXFileReference; lastKnownFileType = sourcecode.swift; path = BannersView.swift; sourceTree = "<group>"; };
		FEB7C4B12C3AF3E9003FD6CB /* BannersViewModel.swift */ = {isa = PBXFileReference; lastKnownFileType = sourcecode.swift; path = BannersViewModel.swift; sourceTree = "<group>"; };
		FEFB72732C3D8038006552C1 /* ProductService.swift */ = {isa = PBXFileReference; lastKnownFileType = sourcecode.swift; path = ProductService.swift; sourceTree = "<group>"; };
		FEFB72842C3D9829006552C1 /* ProductCollectionViewCell.swift */ = {isa = PBXFileReference; lastKnownFileType = sourcecode.swift; path = ProductCollectionViewCell.swift; sourceTree = "<group>"; };
		FEFB72872C3D9945006552C1 /* ProductModel.swift */ = {isa = PBXFileReference; lastKnownFileType = sourcecode.swift; path = ProductModel.swift; sourceTree = "<group>"; };
		FEFB728D2C416F9E006552C1 /* DetailViewController.swift */ = {isa = PBXFileReference; lastKnownFileType = sourcecode.swift; path = DetailViewController.swift; sourceTree = "<group>"; };
		FEFB728F2C418EF1006552C1 /* TESTViewController.swift */ = {isa = PBXFileReference; lastKnownFileType = sourcecode.swift; path = TESTViewController.swift; sourceTree = "<group>"; };
		FEFB72912C42B8DB006552C1 /* DetailBuilder.swift */ = {isa = PBXFileReference; lastKnownFileType = sourcecode.swift; path = DetailBuilder.swift; sourceTree = "<group>"; };
		FEFB72932C43FE40006552C1 /* Margins.swift */ = {isa = PBXFileReference; lastKnownFileType = sourcecode.swift; path = Margins.swift; sourceTree = "<group>"; };
		FEFB72952C440568006552C1 /* DetailPresenter.swift */ = {isa = PBXFileReference; lastKnownFileType = sourcecode.swift; path = DetailPresenter.swift; sourceTree = "<group>"; };
/* End PBXFileReference section */

/* Begin PBXFrameworksBuildPhase section */
		FEB7C4632C34304E003FD6CB /* Frameworks */ = {
			isa = PBXFrameworksBuildPhase;
			buildActionMask = 2147483647;
			files = (
				FEB7C4A12C343F68003FD6CB /* SnapKit in Frameworks */,
				FEFB72772C3D81B2006552C1 /* RxBlocking in Frameworks */,
				FEFB727F2C3D81B2006552C1 /* RxRelay in Frameworks */,
				FEFB727B2C3D81B2006552C1 /* RxCocoa in Frameworks */,
				FEFB728B2C3DA4B2006552C1 /* Kingfisher in Frameworks */,
				FEB7C4A32C343F68003FD6CB /* SnapKit-Dynamic in Frameworks */,
				FEFB727D2C3D81B2006552C1 /* RxCocoa-Dynamic in Frameworks */,
				FEFB72792C3D81B2006552C1 /* RxBlocking-Dynamic in Frameworks */,
			);
			runOnlyForDeploymentPostprocessing = 0;
		};
/* End PBXFrameworksBuildPhase section */

/* Begin PBXGroup section */
		FEB7C45D2C34304E003FD6CB = {
			isa = PBXGroup;
			children = (
				FEB7C4682C34304E003FD6CB /* Exam */,
				FEB7C4672C34304E003FD6CB /* Products */,
			);
			sourceTree = "<group>";
		};
		FEB7C4672C34304E003FD6CB /* Products */ = {
			isa = PBXGroup;
			children = (
				FEB7C4662C34304E003FD6CB /* Exam.app */,
			);
			name = Products;
			sourceTree = "<group>";
		};
		FEB7C4682C34304E003FD6CB /* Exam */ = {
			isa = PBXGroup;
			children = (
				FEFB72812C3D8717006552C1 /* NavigationLayer */,
				FEFB72802C3D86EC006552C1 /* UILayer */,
				FEFB72722C3D8024006552C1 /* NetworkLayer */,
				FEB7C49E2C343CF4003FD6CB /* Support */,
				FEB7C49B2C343CC5003FD6CB /* Application */,
				FEB7C4AD2C34A3AC003FD6CB /* Resourses */,
				FEB7C4742C343050003FD6CB /* LaunchScreen.storyboard */,
				FEB7C4772C343050003FD6CB /* Info.plist */,
				FEFB728F2C418EF1006552C1 /* TESTViewController.swift */,
			);
			path = Exam;
			sourceTree = "<group>";
		};
		FEB7C47D2C3431C2003FD6CB /* Coordinator */ = {
			isa = PBXGroup;
			children = (
				FEB7C47E2C343219003FD6CB /* BaseCoordinator .swift */,
				FEB7C4802C34335E003FD6CB /* AppCoordinator.swift */,
				FEB7C4822C343378003FD6CB /* MainCoordinator .swift */,
				FEB7C4842C3433A6003FD6CB /* ProfileCoordinator.swift */,
				FEB7C48B2C3436D3003FD6CB /* MenuCoordinator.swift */,
			);
			path = Coordinator;
			sourceTree = "<group>";
		};
		FEB7C4862C3433C0003FD6CB /* TabBarController */ = {
			isa = PBXGroup;
			children = (
				FEB7C4872C3433D4003FD6CB /* TabBarController.swift */,
				FEB7C4892C3433F5003FD6CB /* TabBarPage.swift */,
			);
			path = TabBarController;
			sourceTree = "<group>";
		};
		FEB7C48D2C3436FB003FD6CB /* ScreenMenu */ = {
			isa = PBXGroup;
			children = (
				FEB7C4992C3438C2003FD6CB /* MenuViewController.swift */,
				FEB7C4A72C344440003FD6CB /* Model.swift */,
				FEB7C4972C3438B8003FD6CB /* MenuBuilder.swift */,
				FEB7C4952C3438B0003FD6CB /* MenuPresenter.swift */,
				FEB7C4AE2C36DFDB003FD6CB /* Banner */,
				FEB7C4A62C344318003FD6CB /* Cell */,
			);
			path = ScreenMenu;
			sourceTree = "<group>";
		};
		FEB7C48E2C343709003FD6CB /* ScreenProfile */ = {
			isa = PBXGroup;
			children = (
				FEFB72862C3D9832006552C1 /* Cell */,
				FEB7C48F2C34381F003FD6CB /* ProfileViewController.swift */,
				FEB7C4912C343827003FD6CB /* ProfileBuilder.swift */,
				FEB7C4932C343831003FD6CB /* ProfilePresenter.swift */,
				FEFB72872C3D9945006552C1 /* ProductModel.swift */,
			);
			path = ScreenProfile;
			sourceTree = "<group>";
		};
		FEB7C49B2C343CC5003FD6CB /* Application */ = {
			isa = PBXGroup;
			children = (
				FEB7C46B2C34304E003FD6CB /* SceneDelegate.swift */,
				FEB7C4692C34304E003FD6CB /* AppDelegate.swift */,
			);
			path = Application;
			sourceTree = "<group>";
		};
		FEB7C49E2C343CF4003FD6CB /* Support */ = {
			isa = PBXGroup;
			children = (
				FEB7C49C2C343CED003FD6CB /* MokData.swift */,
				FEB7C4A92C3447CE003FD6CB /* Typealias.swift */,
				FEFB72932C43FE40006552C1 /* Margins.swift */,
			);
			path = Support;
			sourceTree = "<group>";
		};
		FEB7C4A62C344318003FD6CB /* Cell */ = {
			isa = PBXGroup;
			children = (
				FEB7C4A42C344050003FD6CB /* MenuViewCell.swift */,
				FEB7C4AB2C345007003FD6CB /* TitleSupplementaryView.swift */,
			);
			path = Cell;
			sourceTree = "<group>";
		};
		FEB7C4AD2C34A3AC003FD6CB /* Resourses */ = {
			isa = PBXGroup;
			children = (
				FEB7C4722C343050003FD6CB /* Assets.xcassets */,
			);
			path = Resourses;
			sourceTree = "<group>";
		};
		FEB7C4AE2C36DFDB003FD6CB /* Banner */ = {
			isa = PBXGroup;
			children = (
				FEB7C4AF2C36DFE8003FD6CB /* BannersView.swift */,
				FEB7C4B12C3AF3E9003FD6CB /* BannersViewModel.swift */,
			);
			path = Banner;
			sourceTree = "<group>";
		};
		FEFB72722C3D8024006552C1 /* NetworkLayer */ = {
			isa = PBXGroup;
			children = (
				FEFB72732C3D8038006552C1 /* ProductService.swift */,
			);
			path = NetworkLayer;
			sourceTree = "<group>";
		};
		FEFB72802C3D86EC006552C1 /* UILayer */ = {
			isa = PBXGroup;
			children = (
				FEFB728C2C416F86006552C1 /* ScreenDetail */,
				FEB7C48E2C343709003FD6CB /* ScreenProfile */,
				FEB7C48D2C3436FB003FD6CB /* ScreenMenu */,
			);
			path = UILayer;
			sourceTree = "<group>";
		};
		FEFB72812C3D8717006552C1 /* NavigationLayer */ = {
			isa = PBXGroup;
			children = (
				FEB7C4862C3433C0003FD6CB /* TabBarController */,
				FEB7C47D2C3431C2003FD6CB /* Coordinator */,
			);
			path = NavigationLayer;
			sourceTree = "<group>";
		};
		FEFB72862C3D9832006552C1 /* Cell */ = {
			isa = PBXGroup;
			children = (
				FEFB72842C3D9829006552C1 /* ProductCollectionViewCell.swift */,
			);
			path = Cell;
			sourceTree = "<group>";
		};
		FEFB728C2C416F86006552C1 /* ScreenDetail */ = {
			isa = PBXGroup;
			children = (
				FEFB728D2C416F9E006552C1 /* DetailViewController.swift */,
				FEFB72912C42B8DB006552C1 /* DetailBuilder.swift */,
				FEFB72952C440568006552C1 /* DetailPresenter.swift */,
			);
			path = ScreenDetail;
			sourceTree = "<group>";
		};
/* End PBXGroup section */

/* Begin PBXNativeTarget section */
		FEB7C4652C34304E003FD6CB /* Exam */ = {
			isa = PBXNativeTarget;
			buildConfigurationList = FEB7C47A2C343050003FD6CB /* Build configuration list for PBXNativeTarget "Exam" */;
			buildPhases = (
				FEB7C4622C34304E003FD6CB /* Sources */,
				FEB7C4632C34304E003FD6CB /* Frameworks */,
				FEB7C4642C34304E003FD6CB /* Resources */,
			);
			buildRules = (
			);
			dependencies = (
			);
			name = Exam;
			packageProductDependencies = (
				FEB7C4A02C343F68003FD6CB /* SnapKit */,
				FEB7C4A22C343F68003FD6CB /* SnapKit-Dynamic */,
				FEFB72762C3D81B2006552C1 /* RxBlocking */,
				FEFB72782C3D81B2006552C1 /* RxBlocking-Dynamic */,
				FEFB727A2C3D81B2006552C1 /* RxCocoa */,
				FEFB727C2C3D81B2006552C1 /* RxCocoa-Dynamic */,
				FEFB727E2C3D81B2006552C1 /* RxRelay */,
				FEFB728A2C3DA4B2006552C1 /* Kingfisher */,
			);
			productName = Exam;
			productReference = FEB7C4662C34304E003FD6CB /* Exam.app */;
			productType = "com.apple.product-type.application";
		};
/* End PBXNativeTarget section */

/* Begin PBXProject section */
		FEB7C45E2C34304E003FD6CB /* Project object */ = {
			isa = PBXProject;
			attributes = {
				BuildIndependentTargetsInParallel = 1;
				LastSwiftUpdateCheck = 1520;
				LastUpgradeCheck = 1520;
				TargetAttributes = {
					FEB7C4652C34304E003FD6CB = {
						CreatedOnToolsVersion = 15.2;
					};
				};
			};
			buildConfigurationList = FEB7C4612C34304E003FD6CB /* Build configuration list for PBXProject "Exam" */;
			compatibilityVersion = "Xcode 14.0";
			developmentRegion = en;
			hasScannedForEncodings = 0;
			knownRegions = (
				en,
				Base,
			);
			mainGroup = FEB7C45D2C34304E003FD6CB;
			packageReferences = (
				FEB7C49F2C343F68003FD6CB /* XCRemoteSwiftPackageReference "SnapKit" */,
				FEFB72752C3D81B2006552C1 /* XCRemoteSwiftPackageReference "RxSwift" */,
				FEFB72892C3DA4B2006552C1 /* XCRemoteSwiftPackageReference "Kingfisher" */,
			);
			productRefGroup = FEB7C4672C34304E003FD6CB /* Products */;
			projectDirPath = "";
			projectRoot = "";
			targets = (
				FEB7C4652C34304E003FD6CB /* Exam */,
			);
		};
/* End PBXProject section */

/* Begin PBXResourcesBuildPhase section */
		FEB7C4642C34304E003FD6CB /* Resources */ = {
			isa = PBXResourcesBuildPhase;
			buildActionMask = 2147483647;
			files = (
				FEB7C4762C343050003FD6CB /* LaunchScreen.storyboard in Resources */,
				FEB7C4732C343050003FD6CB /* Assets.xcassets in Resources */,
			);
			runOnlyForDeploymentPostprocessing = 0;
		};
/* End PBXResourcesBuildPhase section */

/* Begin PBXSourcesBuildPhase section */
		FEB7C4622C34304E003FD6CB /* Sources */ = {
			isa = PBXSourcesBuildPhase;
			buildActionMask = 2147483647;
			files = (
				FEFB72922C42B8DB006552C1 /* DetailBuilder.swift in Sources */,
				FEFB72882C3D9945006552C1 /* ProductModel.swift in Sources */,
				FEFB72902C418EF1006552C1 /* TESTViewController.swift in Sources */,
				FEFB72942C43FE40006552C1 /* Margins.swift in Sources */,
				FEB7C47F2C343219003FD6CB /* BaseCoordinator .swift in Sources */,
				FEB7C4852C3433A6003FD6CB /* ProfileCoordinator.swift in Sources */,
				FEB7C4882C3433D4003FD6CB /* TabBarController.swift in Sources */,
				FEB7C4832C343378003FD6CB /* MainCoordinator .swift in Sources */,
				FEB7C4812C34335E003FD6CB /* AppCoordinator.swift in Sources */,
				FEFB72852C3D9829006552C1 /* ProductCollectionViewCell.swift in Sources */,
				FEB7C4A52C344050003FD6CB /* MenuViewCell.swift in Sources */,
				FEB7C4902C34381F003FD6CB /* ProfileViewController.swift in Sources */,
				FEB7C49A2C3438C2003FD6CB /* MenuViewController.swift in Sources */,
				FEB7C4B22C3AF3E9003FD6CB /* BannersViewModel.swift in Sources */,
				FEB7C4B02C36DFE8003FD6CB /* BannersView.swift in Sources */,
				FEB7C4922C343827003FD6CB /* ProfileBuilder.swift in Sources */,
				FEFB728E2C416F9E006552C1 /* DetailViewController.swift in Sources */,
				FEB7C4AC2C345007003FD6CB /* TitleSupplementaryView.swift in Sources */,
				FEB7C4A82C344440003FD6CB /* Model.swift in Sources */,
				FEB7C48A2C3433F5003FD6CB /* TabBarPage.swift in Sources */,
				FEB7C49D2C343CED003FD6CB /* MokData.swift in Sources */,
				FEB7C4AA2C3447CE003FD6CB /* Typealias.swift in Sources */,
				FEB7C48C2C3436D3003FD6CB /* MenuCoordinator.swift in Sources */,
				FEFB72962C440568006552C1 /* DetailPresenter.swift in Sources */,
				FEB7C46A2C34304E003FD6CB /* AppDelegate.swift in Sources */,
				FEB7C4982C3438B8003FD6CB /* MenuBuilder.swift in Sources */,
				FEB7C46C2C34304E003FD6CB /* SceneDelegate.swift in Sources */,
				FEFB72742C3D8038006552C1 /* ProductService.swift in Sources */,
				FEB7C4942C343831003FD6CB /* ProfilePresenter.swift in Sources */,
				FEB7C4962C3438B0003FD6CB /* MenuPresenter.swift in Sources */,
			);
			runOnlyForDeploymentPostprocessing = 0;
		};
/* End PBXSourcesBuildPhase section */

/* Begin PBXVariantGroup section */
		FEB7C4742C343050003FD6CB /* LaunchScreen.storyboard */ = {
			isa = PBXVariantGroup;
			children = (
				FEB7C4752C343050003FD6CB /* Base */,
			);
			name = LaunchScreen.storyboard;
			sourceTree = "<group>";
		};
/* End PBXVariantGroup section */

/* Begin XCBuildConfiguration section */
		FEB7C4782C343050003FD6CB /* Debug */ = {
			isa = XCBuildConfiguration;
			buildSettings = {
				ALWAYS_SEARCH_USER_PATHS = NO;
				ASSETCATALOG_COMPILER_GENERATE_SWIFT_ASSET_SYMBOL_EXTENSIONS = YES;
				CLANG_ANALYZER_NONNULL = YES;
				CLANG_ANALYZER_NUMBER_OBJECT_CONVERSION = YES_AGGRESSIVE;
				CLANG_CXX_LANGUAGE_STANDARD = "gnu++20";
				CLANG_ENABLE_MODULES = YES;
				CLANG_ENABLE_OBJC_ARC = YES;
				CLANG_ENABLE_OBJC_WEAK = YES;
				CLANG_WARN_BLOCK_CAPTURE_AUTORELEASING = YES;
				CLANG_WARN_BOOL_CONVERSION = YES;
				CLANG_WARN_COMMA = YES;
				CLANG_WARN_CONSTANT_CONVERSION = YES;
				CLANG_WARN_DEPRECATED_OBJC_IMPLEMENTATIONS = YES;
				CLANG_WARN_DIRECT_OBJC_ISA_USAGE = YES_ERROR;
				CLANG_WARN_DOCUMENTATION_COMMENTS = YES;
				CLANG_WARN_EMPTY_BODY = YES;
				CLANG_WARN_ENUM_CONVERSION = YES;
				CLANG_WARN_INFINITE_RECURSION = YES;
				CLANG_WARN_INT_CONVERSION = YES;
				CLANG_WARN_NON_LITERAL_NULL_CONVERSION = YES;
				CLANG_WARN_OBJC_IMPLICIT_RETAIN_SELF = YES;
				CLANG_WARN_OBJC_LITERAL_CONVERSION = YES;
				CLANG_WARN_OBJC_ROOT_CLASS = YES_ERROR;
				CLANG_WARN_QUOTED_INCLUDE_IN_FRAMEWORK_HEADER = YES;
				CLANG_WARN_RANGE_LOOP_ANALYSIS = YES;
				CLANG_WARN_STRICT_PROTOTYPES = YES;
				CLANG_WARN_SUSPICIOUS_MOVE = YES;
				CLANG_WARN_UNGUARDED_AVAILABILITY = YES_AGGRESSIVE;
				CLANG_WARN_UNREACHABLE_CODE = YES;
				CLANG_WARN__DUPLICATE_METHOD_MATCH = YES;
				COPY_PHASE_STRIP = NO;
				DEBUG_INFORMATION_FORMAT = dwarf;
				ENABLE_STRICT_OBJC_MSGSEND = YES;
				ENABLE_TESTABILITY = YES;
				ENABLE_USER_SCRIPT_SANDBOXING = YES;
				GCC_C_LANGUAGE_STANDARD = gnu17;
				GCC_DYNAMIC_NO_PIC = NO;
				GCC_NO_COMMON_BLOCKS = YES;
				GCC_OPTIMIZATION_LEVEL = 0;
				GCC_PREPROCESSOR_DEFINITIONS = (
					"DEBUG=1",
					"$(inherited)",
				);
				GCC_WARN_64_TO_32_BIT_CONVERSION = YES;
				GCC_WARN_ABOUT_RETURN_TYPE = YES_ERROR;
				GCC_WARN_UNDECLARED_SELECTOR = YES;
				GCC_WARN_UNINITIALIZED_AUTOS = YES_AGGRESSIVE;
				GCC_WARN_UNUSED_FUNCTION = YES;
				GCC_WARN_UNUSED_VARIABLE = YES;
				IPHONEOS_DEPLOYMENT_TARGET = 17.2;
				LOCALIZATION_PREFERS_STRING_CATALOGS = YES;
				MTL_ENABLE_DEBUG_INFO = INCLUDE_SOURCE;
				MTL_FAST_MATH = YES;
				ONLY_ACTIVE_ARCH = YES;
				SDKROOT = iphoneos;
				SWIFT_ACTIVE_COMPILATION_CONDITIONS = "DEBUG $(inherited)";
				SWIFT_OPTIMIZATION_LEVEL = "-Onone";
			};
			name = Debug;
		};
		FEB7C4792C343050003FD6CB /* Release */ = {
			isa = XCBuildConfiguration;
			buildSettings = {
				ALWAYS_SEARCH_USER_PATHS = NO;
				ASSETCATALOG_COMPILER_GENERATE_SWIFT_ASSET_SYMBOL_EXTENSIONS = YES;
				CLANG_ANALYZER_NONNULL = YES;
				CLANG_ANALYZER_NUMBER_OBJECT_CONVERSION = YES_AGGRESSIVE;
				CLANG_CXX_LANGUAGE_STANDARD = "gnu++20";
				CLANG_ENABLE_MODULES = YES;
				CLANG_ENABLE_OBJC_ARC = YES;
				CLANG_ENABLE_OBJC_WEAK = YES;
				CLANG_WARN_BLOCK_CAPTURE_AUTORELEASING = YES;
				CLANG_WARN_BOOL_CONVERSION = YES;
				CLANG_WARN_COMMA = YES;
				CLANG_WARN_CONSTANT_CONVERSION = YES;
				CLANG_WARN_DEPRECATED_OBJC_IMPLEMENTATIONS = YES;
				CLANG_WARN_DIRECT_OBJC_ISA_USAGE = YES_ERROR;
				CLANG_WARN_DOCUMENTATION_COMMENTS = YES;
				CLANG_WARN_EMPTY_BODY = YES;
				CLANG_WARN_ENUM_CONVERSION = YES;
				CLANG_WARN_INFINITE_RECURSION = YES;
				CLANG_WARN_INT_CONVERSION = YES;
				CLANG_WARN_NON_LITERAL_NULL_CONVERSION = YES;
				CLANG_WARN_OBJC_IMPLICIT_RETAIN_SELF = YES;
				CLANG_WARN_OBJC_LITERAL_CONVERSION = YES;
				CLANG_WARN_OBJC_ROOT_CLASS = YES_ERROR;
				CLANG_WARN_QUOTED_INCLUDE_IN_FRAMEWORK_HEADER = YES;
				CLANG_WARN_RANGE_LOOP_ANALYSIS = YES;
				CLANG_WARN_STRICT_PROTOTYPES = YES;
				CLANG_WARN_SUSPICIOUS_MOVE = YES;
				CLANG_WARN_UNGUARDED_AVAILABILITY = YES_AGGRESSIVE;
				CLANG_WARN_UNREACHABLE_CODE = YES;
				CLANG_WARN__DUPLICATE_METHOD_MATCH = YES;
				COPY_PHASE_STRIP = NO;
				DEBUG_INFORMATION_FORMAT = "dwarf-with-dsym";
				ENABLE_NS_ASSERTIONS = NO;
				ENABLE_STRICT_OBJC_MSGSEND = YES;
				ENABLE_USER_SCRIPT_SANDBOXING = YES;
				GCC_C_LANGUAGE_STANDARD = gnu17;
				GCC_NO_COMMON_BLOCKS = YES;
				GCC_WARN_64_TO_32_BIT_CONVERSION = YES;
				GCC_WARN_ABOUT_RETURN_TYPE = YES_ERROR;
				GCC_WARN_UNDECLARED_SELECTOR = YES;
				GCC_WARN_UNINITIALIZED_AUTOS = YES_AGGRESSIVE;
				GCC_WARN_UNUSED_FUNCTION = YES;
				GCC_WARN_UNUSED_VARIABLE = YES;
				IPHONEOS_DEPLOYMENT_TARGET = 17.2;
				LOCALIZATION_PREFERS_STRING_CATALOGS = YES;
				MTL_ENABLE_DEBUG_INFO = NO;
				MTL_FAST_MATH = YES;
				SDKROOT = iphoneos;
				SWIFT_COMPILATION_MODE = wholemodule;
				VALIDATE_PRODUCT = YES;
			};
			name = Release;
		};
		FEB7C47B2C343050003FD6CB /* Debug */ = {
			isa = XCBuildConfiguration;
			buildSettings = {
				ASSETCATALOG_COMPILER_APPICON_NAME = AppIcon;
				ASSETCATALOG_COMPILER_GLOBAL_ACCENT_COLOR_NAME = AccentColor;
				CODE_SIGN_STYLE = Automatic;
				CURRENT_PROJECT_VERSION = 1;
				DEVELOPMENT_TEAM = 84HMKC95WY;
				GENERATE_INFOPLIST_FILE = YES;
				INFOPLIST_FILE = Exam/Info.plist;
				INFOPLIST_KEY_UIApplicationSupportsIndirectInputEvents = YES;
				INFOPLIST_KEY_UILaunchStoryboardName = LaunchScreen;
				INFOPLIST_KEY_UISupportedInterfaceOrientations_iPad = "UIInterfaceOrientationPortrait UIInterfaceOrientationPortraitUpsideDown UIInterfaceOrientationLandscapeLeft UIInterfaceOrientationLandscapeRight";
				INFOPLIST_KEY_UISupportedInterfaceOrientations_iPhone = "UIInterfaceOrientationPortrait UIInterfaceOrientationLandscapeLeft UIInterfaceOrientationLandscapeRight";
				LD_RUNPATH_SEARCH_PATHS = (
					"$(inherited)",
					"@executable_path/Frameworks",
				);
				MARKETING_VERSION = 1.0;
				PRODUCT_BUNDLE_IDENTIFIER = Allison.Exam;
				PRODUCT_NAME = "$(TARGET_NAME)";
				SWIFT_EMIT_LOC_STRINGS = YES;
				SWIFT_VERSION = 5.0;
				TARGETED_DEVICE_FAMILY = "1,2";
			};
			name = Debug;
		};
		FEB7C47C2C343050003FD6CB /* Release */ = {
			isa = XCBuildConfiguration;
			buildSettings = {
				ASSETCATALOG_COMPILER_APPICON_NAME = AppIcon;
				ASSETCATALOG_COMPILER_GLOBAL_ACCENT_COLOR_NAME = AccentColor;
				CODE_SIGN_STYLE = Automatic;
				CURRENT_PROJECT_VERSION = 1;
				DEVELOPMENT_TEAM = 84HMKC95WY;
				GENERATE_INFOPLIST_FILE = YES;
				INFOPLIST_FILE = Exam/Info.plist;
				INFOPLIST_KEY_UIApplicationSupportsIndirectInputEvents = YES;
				INFOPLIST_KEY_UILaunchStoryboardName = LaunchScreen;
				INFOPLIST_KEY_UISupportedInterfaceOrientations_iPad = "UIInterfaceOrientationPortrait UIInterfaceOrientationPortraitUpsideDown UIInterfaceOrientationLandscapeLeft UIInterfaceOrientationLandscapeRight";
				INFOPLIST_KEY_UISupportedInterfaceOrientations_iPhone = "UIInterfaceOrientationPortrait UIInterfaceOrientationLandscapeLeft UIInterfaceOrientationLandscapeRight";
				LD_RUNPATH_SEARCH_PATHS = (
					"$(inherited)",
					"@executable_path/Frameworks",
				);
				MARKETING_VERSION = 1.0;
				PRODUCT_BUNDLE_IDENTIFIER = Allison.Exam;
				PRODUCT_NAME = "$(TARGET_NAME)";
				SWIFT_EMIT_LOC_STRINGS = YES;
				SWIFT_VERSION = 5.0;
				TARGETED_DEVICE_FAMILY = "1,2";
			};
			name = Release;
		};
/* End XCBuildConfiguration section */

/* Begin XCConfigurationList section */
		FEB7C4612C34304E003FD6CB /* Build configuration list for PBXProject "Exam" */ = {
			isa = XCConfigurationList;
			buildConfigurations = (
				FEB7C4782C343050003FD6CB /* Debug */,
				FEB7C4792C343050003FD6CB /* Release */,
			);
			defaultConfigurationIsVisible = 0;
			defaultConfigurationName = Release;
		};
		FEB7C47A2C343050003FD6CB /* Build configuration list for PBXNativeTarget "Exam" */ = {
			isa = XCConfigurationList;
			buildConfigurations = (
				FEB7C47B2C343050003FD6CB /* Debug */,
				FEB7C47C2C343050003FD6CB /* Release */,
			);
			defaultConfigurationIsVisible = 0;
			defaultConfigurationName = Release;
		};
/* End XCConfigurationList section */

/* Begin XCRemoteSwiftPackageReference section */
		FEB7C49F2C343F68003FD6CB /* XCRemoteSwiftPackageReference "SnapKit" */ = {
			isa = XCRemoteSwiftPackageReference;
			repositoryURL = "https://github.com/SnapKit/SnapKit";
			requirement = {
				kind = upToNextMajorVersion;
				minimumVersion = 5.7.1;
			};
		};
		FEFB72752C3D81B2006552C1 /* XCRemoteSwiftPackageReference "RxSwift" */ = {
			isa = XCRemoteSwiftPackageReference;
			repositoryURL = "https://github.com/ReactiveX/RxSwift.git";
			requirement = {
				kind = upToNextMajorVersion;
				minimumVersion = 6.7.1;
			};
		};
		FEFB72892C3DA4B2006552C1 /* XCRemoteSwiftPackageReference "Kingfisher" */ = {
			isa = XCRemoteSwiftPackageReference;
			repositoryURL = "https://github.com/onevcat/Kingfisher.git";
			requirement = {
				kind = upToNextMajorVersion;
				minimumVersion = 7.12.0;
			};
		};
/* End XCRemoteSwiftPackageReference section */

/* Begin XCSwiftPackageProductDependency section */
		FEB7C4A02C343F68003FD6CB /* SnapKit */ = {
			isa = XCSwiftPackageProductDependency;
			package = FEB7C49F2C343F68003FD6CB /* XCRemoteSwiftPackageReference "SnapKit" */;
			productName = SnapKit;
		};
		FEB7C4A22C343F68003FD6CB /* SnapKit-Dynamic */ = {
			isa = XCSwiftPackageProductDependency;
			package = FEB7C49F2C343F68003FD6CB /* XCRemoteSwiftPackageReference "SnapKit" */;
			productName = "SnapKit-Dynamic";
		};
		FEFB72762C3D81B2006552C1 /* RxBlocking */ = {
			isa = XCSwiftPackageProductDependency;
			package = FEFB72752C3D81B2006552C1 /* XCRemoteSwiftPackageReference "RxSwift" */;
			productName = RxBlocking;
		};
		FEFB72782C3D81B2006552C1 /* RxBlocking-Dynamic */ = {
			isa = XCSwiftPackageProductDependency;
			package = FEFB72752C3D81B2006552C1 /* XCRemoteSwiftPackageReference "RxSwift" */;
			productName = "RxBlocking-Dynamic";
		};
		FEFB727A2C3D81B2006552C1 /* RxCocoa */ = {
			isa = XCSwiftPackageProductDependency;
			package = FEFB72752C3D81B2006552C1 /* XCRemoteSwiftPackageReference "RxSwift" */;
			productName = RxCocoa;
		};
		FEFB727C2C3D81B2006552C1 /* RxCocoa-Dynamic */ = {
			isa = XCSwiftPackageProductDependency;
			package = FEFB72752C3D81B2006552C1 /* XCRemoteSwiftPackageReference "RxSwift" */;
			productName = "RxCocoa-Dynamic";
		};
		FEFB727E2C3D81B2006552C1 /* RxRelay */ = {
			isa = XCSwiftPackageProductDependency;
			package = FEFB72752C3D81B2006552C1 /* XCRemoteSwiftPackageReference "RxSwift" */;
			productName = RxRelay;
		};
		FEFB728A2C3DA4B2006552C1 /* Kingfisher */ = {
			isa = XCSwiftPackageProductDependency;
			package = FEFB72892C3DA4B2006552C1 /* XCRemoteSwiftPackageReference "Kingfisher" */;
			productName = Kingfisher;
		};
/* End XCSwiftPackageProductDependency section */
	};
	rootObject = FEB7C45E2C34304E003FD6CB /* Project object */;
}
